
Microsoft Visual Studio Solution File, Format Version 12.00
# Visual Studio Version 17
VisualStudioVersion = 17.11.35312.102
MinimumVisualStudioVersion = 10.0.40219.1
Project("{FAE04EC0-301F-11D3-BF4B-00C04F79EFBC}") = "calculations", "calculations\calculations.csproj", "{487A480E-69A7-4504-B624-3041754F0E66}"
EndProject
Global
	GlobalSection(SolutionConfigurationPlatforms) = preSolution
		Debug|Any CPU = Debug|Any CPU
		Release|Any CPU = Release|Any CPU
	EndGlobalSection
	GlobalSection(ProjectConfigurationPlatforms) = postSolution
		{487A480E-69A7-4504-B624-3041754F0E66}.Debug|Any CPU.ActiveCfg = Debug|Any CPU
		{487A480E-69A7-4504-B624-3041754F0E66}.Debug|Any CPU.Build.0 = Debug|Any CPU
		{487A480E-69A7-4504-B624-3041754F0E66}.Release|Any CPU.ActiveCfg = Release|Any CPU
		{487A480E-69A7-4504-B624-3041754F0E66}.Release|Any CPU.Build.0 = Release|Any CPU
	EndGlobalSection
	GlobalSection(SolutionProperties) = preSolution
		HideSolutionNode = FALSE
	EndGlobalSection
	GlobalSection(ExtensibilityGlobals) = postSolution
		SolutionGuid = {416B648C-8FD8-4F33-A608-5A607A3138B6}
	EndGlobalSection
EndGlobal
